
Microsoft Visual Studio Solution File, Format Version 12.00
# Visual Studio Version 17
VisualStudioVersion = 17.0.32112.339
MinimumVisualStudioVersion = 10.0.40219.1
Project("{FAE04EC0-301F-11D3-BF4B-00C04F79EFBC}") = "Logicalprograms", "Logicalprograms.csproj", "{7398ECF0-59B6-466A-A07B-7B5B121FEA34}"
EndProject
Global
	GlobalSection(SolutionConfigurationPlatforms) = preSolution
		Debug|Any CPU = Debug|Any CPU
		Release|Any CPU = Release|Any CPU
	EndGlobalSection
	GlobalSection(ProjectConfigurationPlatforms) = postSolution
		{7398ECF0-59B6-466A-A07B-7B5B121FEA34}.Debug|Any CPU.ActiveCfg = Debug|Any CPU
		{7398ECF0-59B6-466A-A07B-7B5B121FEA34}.Debug|Any CPU.Build.0 = Debug|Any CPU
		{7398ECF0-59B6-466A-A07B-7B5B121FEA34}.Release|Any CPU.ActiveCfg = Release|Any CPU
		{7398ECF0-59B6-466A-A07B-7B5B121FEA34}.Release|Any CPU.Build.0 = Release|Any CPU
	EndGlobalSection
	GlobalSection(SolutionProperties) = preSolution
		HideSolutionNode = FALSE
	EndGlobalSection
	GlobalSection(ExtensibilityGlobals) = postSolution
		SolutionGuid = {8BD34D95-239E-4AB9-AB0D-F205E84D54EF}
	EndGlobalSection
EndGlobal
